
Microsoft Visual Studio Solution File, Format Version 12.00
# Visual Studio Version 17
VisualStudioVersion = 17.8.34322.80
MinimumVisualStudioVersion = 10.0.40219.1
Project("{FAE04EC0-301F-11D3-BF4B-00C04F79EFBC}") = "LibraryManager", "LibraryManager\LibraryManager.csproj", "{0C2837D9-9370-4D61-86AD-31B769FA7F3A}"
EndProject
Project("{FAE04EC0-301F-11D3-BF4B-00C04F79EFBC}") = "LibraryManager.Core", "LibraryManager.Core\LibraryManager.Core.csproj", "{B3D758AA-D4BB-403A-978C-DFE1F69594C4}"
EndProject
Project("{FAE04EC0-301F-11D3-BF4B-00C04F79EFBC}") = "LibraryManagerDevAPI", "LibraryManagerDevAPI\LibraryManagerDevAPI.csproj", "{256BCDC7-301E-48B4-A8F5-E05B40B6F501}"
EndProject
Project("{FAE04EC0-301F-11D3-BF4B-00C04F79EFBC}") = "LibraryManager.Core.Tests", "LibraryManager.Core.Tests\LibraryManager.Core.Tests.csproj", "{AFD0DBF2-B78E-401B-B2A1-10B431038827}"
EndProject
Project("{FAE04EC0-301F-11D3-BF4B-00C04F79EFBC}") = "LibraryManager.FrameworkUI", "LibraryManager.FrameworkUI\LibraryManager.FrameworkUI.csproj", "{C84E910C-D61F-4D25-9749-47BA23970F1B}"
EndProject
Project("{FAE04EC0-301F-11D3-BF4B-00C04F79EFBC}") = "LibraryManager.Data", "LibraryManager.Data\LibraryManager.Data.csproj", "{07E44F98-6807-4890-BF94-5CDE5253BD65}"
EndProject
Project("{FAE04EC0-301F-11D3-BF4B-00C04F79EFBC}") = "ConsoleApp1", "ConsoleApp1\ConsoleApp1.csproj", "{101D5B91-2C39-4453-A2FC-D79CF3CE9B12}"
EndProject
Global
	GlobalSection(SolutionConfigurationPlatforms) = preSolution
		Debug|Any CPU = Debug|Any CPU
		Release|Any CPU = Release|Any CPU
	EndGlobalSection
	GlobalSection(ProjectConfigurationPlatforms) = postSolution
		{0C2837D9-9370-4D61-86AD-31B769FA7F3A}.Debug|Any CPU.ActiveCfg = Debug|Any CPU
		{0C2837D9-9370-4D61-86AD-31B769FA7F3A}.Debug|Any CPU.Build.0 = Debug|Any CPU
		{0C2837D9-9370-4D61-86AD-31B769FA7F3A}.Release|Any CPU.ActiveCfg = Release|Any CPU
		{0C2837D9-9370-4D61-86AD-31B769FA7F3A}.Release|Any CPU.Build.0 = Release|Any CPU
		{B3D758AA-D4BB-403A-978C-DFE1F69594C4}.Debug|Any CPU.ActiveCfg = Debug|Any CPU
		{B3D758AA-D4BB-403A-978C-DFE1F69594C4}.Debug|Any CPU.Build.0 = Debug|Any CPU
		{B3D758AA-D4BB-403A-978C-DFE1F69594C4}.Release|Any CPU.ActiveCfg = Release|Any CPU
		{B3D758AA-D4BB-403A-978C-DFE1F69594C4}.Release|Any CPU.Build.0 = Release|Any CPU
		{256BCDC7-301E-48B4-A8F5-E05B40B6F501}.Debug|Any CPU.ActiveCfg = Debug|Any CPU
		{256BCDC7-301E-48B4-A8F5-E05B40B6F501}.Debug|Any CPU.Build.0 = Debug|Any CPU
		{256BCDC7-301E-48B4-A8F5-E05B40B6F501}.Release|Any CPU.ActiveCfg = Release|Any CPU
		{256BCDC7-301E-48B4-A8F5-E05B40B6F501}.Release|Any CPU.Build.0 = Release|Any CPU
		{AFD0DBF2-B78E-401B-B2A1-10B431038827}.Debug|Any CPU.ActiveCfg = Debug|Any CPU
		{AFD0DBF2-B78E-401B-B2A1-10B431038827}.Debug|Any CPU.Build.0 = Debug|Any CPU
		{AFD0DBF2-B78E-401B-B2A1-10B431038827}.Release|Any CPU.ActiveCfg = Release|Any CPU
		{AFD0DBF2-B78E-401B-B2A1-10B431038827}.Release|Any CPU.Build.0 = Release|Any CPU
		{C84E910C-D61F-4D25-9749-47BA23970F1B}.Debug|Any CPU.ActiveCfg = Debug|Any CPU
		{C84E910C-D61F-4D25-9749-47BA23970F1B}.Debug|Any CPU.Build.0 = Debug|Any CPU
		{C84E910C-D61F-4D25-9749-47BA23970F1B}.Release|Any CPU.ActiveCfg = Release|Any CPU
		{C84E910C-D61F-4D25-9749-47BA23970F1B}.Release|Any CPU.Build.0 = Release|Any CPU
		{07E44F98-6807-4890-BF94-5CDE5253BD65}.Debug|Any CPU.ActiveCfg = Debug|Any CPU
		{07E44F98-6807-4890-BF94-5CDE5253BD65}.Debug|Any CPU.Build.0 = Debug|Any CPU
		{07E44F98-6807-4890-BF94-5CDE5253BD65}.Release|Any CPU.ActiveCfg = Release|Any CPU
		{07E44F98-6807-4890-BF94-5CDE5253BD65}.Release|Any CPU.Build.0 = Release|Any CPU
		{101D5B91-2C39-4453-A2FC-D79CF3CE9B12}.Debug|Any CPU.ActiveCfg = Debug|Any CPU
		{101D5B91-2C39-4453-A2FC-D79CF3CE9B12}.Debug|Any CPU.Build.0 = Debug|Any CPU
		{101D5B91-2C39-4453-A2FC-D79CF3CE9B12}.Release|Any CPU.ActiveCfg = Release|Any CPU
		{101D5B91-2C39-4453-A2FC-D79CF3CE9B12}.Release|Any CPU.Build.0 = Release|Any CPU
	EndGlobalSection
	GlobalSection(SolutionProperties) = preSolution
		HideSolutionNode = FALSE
	EndGlobalSection
	GlobalSection(ExtensibilityGlobals) = postSolution
		SolutionGuid = {83E63BCC-0F1E-400D-BA0E-0BADF6043E01}
	EndGlobalSection
EndGlobal
